
Microsoft Visual Studio Solution File, Format Version 12.00
Project("{2150E333-8FDC-42A3-9474-1A3956D46DE8}") = "src", "src", "{0F066119-59E1-4D19-8FF9-36388A9685B1}"
EndProject
Project("{2150E333-8FDC-42A3-9474-1A3956D46DE8}") = "tests", "tests", "{28E9AF19-09BC-4C88-9BD3-ADF8964D1EB0}"
EndProject
Project("{2150E333-8FDC-42A3-9474-1A3956D46DE8}") = "Shared", "Shared", "{24019950-D175-4760-AEE5-C775BA55218C}"
EndProject
Project("{2150E333-8FDC-42A3-9474-1A3956D46DE8}") = "Backend", "Backend", "{C3B51F14-E783-4144-9C37-78B246C32615}"
EndProject
Project("{2150E333-8FDC-42A3-9474-1A3956D46DE8}") = "Mobile", "Mobile", "{5AF5294A-07A8-4A91-8E86-9D09B69DC84F}"
EndProject
Project("{FAE04EC0-301F-11D3-BF4B-00C04F79EFBC}") = "MyRecipeBook.API", "src\Backend\MyRecipeBook.API\MyRecipeBook.API.csproj", "{8A4C721C-1D04-4382-ACA3-6E02C6475E48}"
EndProject
Project("{FAE04EC0-301F-11D3-BF4B-00C04F79EFBC}") = "MyRecipeBook.Application", "src\Backend\MyRecipeBook.Application\MyRecipeBook.Application.csproj", "{F9E0350D-53EC-4DB0-B766-D9238FEE0CB8}"
EndProject
Project("{FAE04EC0-301F-11D3-BF4B-00C04F79EFBC}") = "MyRecipeBook.Domain", "src\Backend\MyRecipeBook.Domain\MyRecipeBook.Domain.csproj", "{B602BBEB-31F3-421A-BAF9-367F72CF3573}"
EndProject
Project("{FAE04EC0-301F-11D3-BF4B-00C04F79EFBC}") = "MyRecipeBook.Infrastructure", "MyRecipeBook.Infrastructure\MyRecipeBook.Infrastructure.csproj", "{7BB00F55-51E5-4EBF-8303-388AB8090852}"
EndProject
Project("{FAE04EC0-301F-11D3-BF4B-00C04F79EFBC}") = "MyRecipeBook.Communication", "src\Shared\MyRecipeBook.Communication\MyRecipeBook.Communication.csproj", "{B2A06A33-5280-453E-B1A5-59490550B2B2}"
EndProject
Project("{FAE04EC0-301F-11D3-BF4B-00C04F79EFBC}") = "MyRecipeBook.Exceptions", "src\Shared\MyRecipeBook.Exceptions\MyRecipeBook.Exceptions.csproj", "{44767A17-E92C-4FF3-80E6-84B9BACB8C5E}"
EndProject
Global
	GlobalSection(SolutionConfigurationPlatforms) = preSolution
		Debug|Any CPU = Debug|Any CPU
		Release|Any CPU = Release|Any CPU
	EndGlobalSection
	GlobalSection(ProjectConfigurationPlatforms) = postSolution
		{8A4C721C-1D04-4382-ACA3-6E02C6475E48}.Debug|Any CPU.ActiveCfg = Debug|Any CPU
		{8A4C721C-1D04-4382-ACA3-6E02C6475E48}.Debug|Any CPU.Build.0 = Debug|Any CPU
		{8A4C721C-1D04-4382-ACA3-6E02C6475E48}.Release|Any CPU.ActiveCfg = Release|Any CPU
		{8A4C721C-1D04-4382-ACA3-6E02C6475E48}.Release|Any CPU.Build.0 = Release|Any CPU
		{F9E0350D-53EC-4DB0-B766-D9238FEE0CB8}.Debug|Any CPU.ActiveCfg = Debug|Any CPU
		{F9E0350D-53EC-4DB0-B766-D9238FEE0CB8}.Debug|Any CPU.Build.0 = Debug|Any CPU
		{F9E0350D-53EC-4DB0-B766-D9238FEE0CB8}.Release|Any CPU.ActiveCfg = Release|Any CPU
		{F9E0350D-53EC-4DB0-B766-D9238FEE0CB8}.Release|Any CPU.Build.0 = Release|Any CPU
		{B602BBEB-31F3-421A-BAF9-367F72CF3573}.Debug|Any CPU.ActiveCfg = Debug|Any CPU
		{B602BBEB-31F3-421A-BAF9-367F72CF3573}.Debug|Any CPU.Build.0 = Debug|Any CPU
		{B602BBEB-31F3-421A-BAF9-367F72CF3573}.Release|Any CPU.ActiveCfg = Release|Any CPU
		{B602BBEB-31F3-421A-BAF9-367F72CF3573}.Release|Any CPU.Build.0 = Release|Any CPU
		{7BB00F55-51E5-4EBF-8303-388AB8090852}.Debug|Any CPU.ActiveCfg = Debug|Any CPU
		{7BB00F55-51E5-4EBF-8303-388AB8090852}.Debug|Any CPU.Build.0 = Debug|Any CPU
		{7BB00F55-51E5-4EBF-8303-388AB8090852}.Release|Any CPU.ActiveCfg = Release|Any CPU
		{7BB00F55-51E5-4EBF-8303-388AB8090852}.Release|Any CPU.Build.0 = Release|Any CPU
		{B2A06A33-5280-453E-B1A5-59490550B2B2}.Debug|Any CPU.ActiveCfg = Debug|Any CPU
		{B2A06A33-5280-453E-B1A5-59490550B2B2}.Debug|Any CPU.Build.0 = Debug|Any CPU
		{B2A06A33-5280-453E-B1A5-59490550B2B2}.Release|Any CPU.ActiveCfg = Release|Any CPU
		{B2A06A33-5280-453E-B1A5-59490550B2B2}.Release|Any CPU.Build.0 = Release|Any CPU
		{44767A17-E92C-4FF3-80E6-84B9BACB8C5E}.Debug|Any CPU.ActiveCfg = Debug|Any CPU
		{44767A17-E92C-4FF3-80E6-84B9BACB8C5E}.Debug|Any CPU.Build.0 = Debug|Any CPU
		{44767A17-E92C-4FF3-80E6-84B9BACB8C5E}.Release|Any CPU.ActiveCfg = Release|Any CPU
		{44767A17-E92C-4FF3-80E6-84B9BACB8C5E}.Release|Any CPU.Build.0 = Release|Any CPU
	EndGlobalSection
	GlobalSection(NestedProjects) = preSolution
		{24019950-D175-4760-AEE5-C775BA55218C} = {0F066119-59E1-4D19-8FF9-36388A9685B1}
		{C3B51F14-E783-4144-9C37-78B246C32615} = {0F066119-59E1-4D19-8FF9-36388A9685B1}
		{5AF5294A-07A8-4A91-8E86-9D09B69DC84F} = {0F066119-59E1-4D19-8FF9-36388A9685B1}
		{8A4C721C-1D04-4382-ACA3-6E02C6475E48} = {C3B51F14-E783-4144-9C37-78B246C32615}
		{F9E0350D-53EC-4DB0-B766-D9238FEE0CB8} = {C3B51F14-E783-4144-9C37-78B246C32615}
		{B602BBEB-31F3-421A-BAF9-367F72CF3573} = {C3B51F14-E783-4144-9C37-78B246C32615}
		{7BB00F55-51E5-4EBF-8303-388AB8090852} = {C3B51F14-E783-4144-9C37-78B246C32615}
		{B2A06A33-5280-453E-B1A5-59490550B2B2} = {24019950-D175-4760-AEE5-C775BA55218C}
		{44767A17-E92C-4FF3-80E6-84B9BACB8C5E} = {24019950-D175-4760-AEE5-C775BA55218C}
	EndGlobalSection
EndGlobal
